
Microsoft Visual Studio Solution File, Format Version 12.00
# Visual Studio Version 16
VisualStudioVersion = 16.0.32510.428
MinimumVisualStudioVersion = 10.0.40219.1
Project("{FAE04EC0-301F-11D3-BF4B-00C04F79EFBC}") = "HashTable", "HashTable\HashTable.csproj", "{6A5C988E-637C-47F4-B714-E617A29E2870}"
EndProject
Global
	GlobalSection(SolutionConfigurationPlatforms) = preSolution
		Debug|Any CPU = Debug|Any CPU
		Release|Any CPU = Release|Any CPU
	EndGlobalSection
	GlobalSection(ProjectConfigurationPlatforms) = postSolution
		{6A5C988E-637C-47F4-B714-E617A29E2870}.Debug|Any CPU.ActiveCfg = Debug|Any CPU
		{6A5C988E-637C-47F4-B714-E617A29E2870}.Debug|Any CPU.Build.0 = Debug|Any CPU
		{6A5C988E-637C-47F4-B714-E617A29E2870}.Release|Any CPU.ActiveCfg = Release|Any CPU
		{6A5C988E-637C-47F4-B714-E617A29E2870}.Release|Any CPU.Build.0 = Release|Any CPU
	EndGlobalSection
	GlobalSection(SolutionProperties) = preSolution
		HideSolutionNode = FALSE
	EndGlobalSection
	GlobalSection(ExtensibilityGlobals) = postSolution
		SolutionGuid = {FC97296F-7DEE-4D4E-A1CF-A0CD543438BB}
	EndGlobalSection
EndGlobal
